
Microsoft Visual Studio Solution File, Format Version 12.00
# Visual Studio Version 16
VisualStudioVersion = 16.0.30804.86
MinimumVisualStudioVersion = 10.0.40219.1
Project("{FAE04EC0-301F-11D3-BF4B-00C04F79EFBC}") = "DataAccess", "DataAccess\DataAccess.csproj", "{95088678-FFD2-48ED-B3AF-448C9C2B313C}"
EndProject
Project("{FAE04EC0-301F-11D3-BF4B-00C04F79EFBC}") = "Business", "Business\Business.csproj", "{64D4F305-2B42-49BA-B953-CE11FD961C89}"
EndProject
Project("{FAE04EC0-301F-11D3-BF4B-00C04F79EFBC}") = "Entities", "Entities\Entities.csproj", "{11C998E5-B69F-4CB7-B85A-CD2C7DA60BD8}"
EndProject
Project("{FAE04EC0-301F-11D3-BF4B-00C04F79EFBC}") = "ConsoleUI", "ConsoleUI\ConsoleUI.csproj", "{C576D499-CEC5-44A0-9C79-65272CE01BF7}"
EndProject
Global
	GlobalSection(SolutionConfigurationPlatforms) = preSolution
		Debug|Any CPU = Debug|Any CPU
		Release|Any CPU = Release|Any CPU
	EndGlobalSection
	GlobalSection(ProjectConfigurationPlatforms) = postSolution
		{95088678-FFD2-48ED-B3AF-448C9C2B313C}.Debug|Any CPU.ActiveCfg = Debug|Any CPU
		{95088678-FFD2-48ED-B3AF-448C9C2B313C}.Debug|Any CPU.Build.0 = Debug|Any CPU
		{95088678-FFD2-48ED-B3AF-448C9C2B313C}.Release|Any CPU.ActiveCfg = Release|Any CPU
		{95088678-FFD2-48ED-B3AF-448C9C2B313C}.Release|Any CPU.Build.0 = Release|Any CPU
		{64D4F305-2B42-49BA-B953-CE11FD961C89}.Debug|Any CPU.ActiveCfg = Debug|Any CPU
		{64D4F305-2B42-49BA-B953-CE11FD961C89}.Debug|Any CPU.Build.0 = Debug|Any CPU
		{64D4F305-2B42-49BA-B953-CE11FD961C89}.Release|Any CPU.ActiveCfg = Release|Any CPU
		{64D4F305-2B42-49BA-B953-CE11FD961C89}.Release|Any CPU.Build.0 = Release|Any CPU
		{11C998E5-B69F-4CB7-B85A-CD2C7DA60BD8}.Debug|Any CPU.ActiveCfg = Debug|Any CPU
		{11C998E5-B69F-4CB7-B85A-CD2C7DA60BD8}.Debug|Any CPU.Build.0 = Debug|Any CPU
		{11C998E5-B69F-4CB7-B85A-CD2C7DA60BD8}.Release|Any CPU.ActiveCfg = Release|Any CPU
		{11C998E5-B69F-4CB7-B85A-CD2C7DA60BD8}.Release|Any CPU.Build.0 = Release|Any CPU
		{C576D499-CEC5-44A0-9C79-65272CE01BF7}.Debug|Any CPU.ActiveCfg = Debug|Any CPU
		{C576D499-CEC5-44A0-9C79-65272CE01BF7}.Debug|Any CPU.Build.0 = Debug|Any CPU
		{C576D499-CEC5-44A0-9C79-65272CE01BF7}.Release|Any CPU.ActiveCfg = Release|Any CPU
		{C576D499-CEC5-44A0-9C79-65272CE01BF7}.Release|Any CPU.Build.0 = Release|Any CPU
	EndGlobalSection
	GlobalSection(SolutionProperties) = preSolution
		HideSolutionNode = FALSE
	EndGlobalSection
	GlobalSection(ExtensibilityGlobals) = postSolution
		SolutionGuid = {E796AB4B-9E6D-448E-8EBA-52739A2FEBD6}
	EndGlobalSection
EndGlobal
